
Microsoft Visual Studio Solution File, Format Version 12.00
# Visual Studio Version 16
VisualStudioVersion = 16.0.29509.3
MinimumVisualStudioVersion = 10.0.40219.1
Project("{FAE04EC0-301F-11D3-BF4B-00C04F79EFBC}") = "MakeISO", "MakeISO\MakeISO.csproj", "{6B26395B-E13A-43CE-8B85-2EDAC4646362}"
EndProject
Project("{FAE04EC0-301F-11D3-BF4B-00C04F79EFBC}") = "IMAPI2", "IMAPI2\IMAPI2.csproj", "{1D5276B2-BD0D-4ABF-92D5-57E71ED48A22}"
EndProject
Global
	GlobalSection(SolutionConfigurationPlatforms) = preSolution
		Debug|Any CPU = Debug|Any CPU
		Release|Any CPU = Release|Any CPU
	EndGlobalSection
	GlobalSection(ProjectConfigurationPlatforms) = postSolution
		{6B26395B-E13A-43CE-8B85-2EDAC4646362}.Debug|Any CPU.ActiveCfg = Debug|Any CPU
		{6B26395B-E13A-43CE-8B85-2EDAC4646362}.Debug|Any CPU.Build.0 = Debug|Any CPU
		{6B26395B-E13A-43CE-8B85-2EDAC4646362}.Release|Any CPU.ActiveCfg = Release|Any CPU
		{6B26395B-E13A-43CE-8B85-2EDAC4646362}.Release|Any CPU.Build.0 = Release|Any CPU
		{1D5276B2-BD0D-4ABF-92D5-57E71ED48A22}.Debug|Any CPU.ActiveCfg = Debug|Any CPU
		{1D5276B2-BD0D-4ABF-92D5-57E71ED48A22}.Debug|Any CPU.Build.0 = Debug|Any CPU
		{1D5276B2-BD0D-4ABF-92D5-57E71ED48A22}.Release|Any CPU.ActiveCfg = Release|Any CPU
		{1D5276B2-BD0D-4ABF-92D5-57E71ED48A22}.Release|Any CPU.Build.0 = Release|Any CPU
	EndGlobalSection
	GlobalSection(SolutionProperties) = preSolution
		HideSolutionNode = FALSE
	EndGlobalSection
	GlobalSection(ExtensibilityGlobals) = postSolution
		SolutionGuid = {724D9A6B-1374-4558-A46B-EF0516BA0361}
	EndGlobalSection
EndGlobal
