
Microsoft Visual Studio Solution File, Format Version 12.00
# Visual Studio Version 16
VisualStudioVersion = 16.0.29709.97
MinimumVisualStudioVersion = 10.0.40219.1
Project("{9A19103F-16F7-4668-BE54-9A1E7A4F7556}") = "MakeISO", "MakeISO\MakeISO.csproj", "{EFEA5664-EA6A-4816-A55B-1AC807B2434A}"
EndProject
Project("{FAE04EC0-301F-11D3-BF4B-00C04F79EFBC}") = "IMAPI2", "IMAPI2\IMAPI2.csproj", "{A901FDE6-9E40-48D9-AD91-5A7BBAB5FC8A}"
EndProject
Global
	GlobalSection(SolutionConfigurationPlatforms) = preSolution
		Debug|Any CPU = Debug|Any CPU
		Release|Any CPU = Release|Any CPU
	EndGlobalSection
	GlobalSection(ProjectConfigurationPlatforms) = postSolution
		{EFEA5664-EA6A-4816-A55B-1AC807B2434A}.Debug|Any CPU.ActiveCfg = Debug|Any CPU
		{EFEA5664-EA6A-4816-A55B-1AC807B2434A}.Debug|Any CPU.Build.0 = Debug|Any CPU
		{EFEA5664-EA6A-4816-A55B-1AC807B2434A}.Release|Any CPU.ActiveCfg = Release|Any CPU
		{EFEA5664-EA6A-4816-A55B-1AC807B2434A}.Release|Any CPU.Build.0 = Release|Any CPU
		{A901FDE6-9E40-48D9-AD91-5A7BBAB5FC8A}.Debug|Any CPU.ActiveCfg = Debug|Any CPU
		{A901FDE6-9E40-48D9-AD91-5A7BBAB5FC8A}.Debug|Any CPU.Build.0 = Debug|Any CPU
		{A901FDE6-9E40-48D9-AD91-5A7BBAB5FC8A}.Release|Any CPU.ActiveCfg = Release|Any CPU
		{A901FDE6-9E40-48D9-AD91-5A7BBAB5FC8A}.Release|Any CPU.Build.0 = Release|Any CPU
	EndGlobalSection
	GlobalSection(SolutionProperties) = preSolution
		HideSolutionNode = FALSE
	EndGlobalSection
	GlobalSection(ExtensibilityGlobals) = postSolution
		SolutionGuid = {029C0DE8-4EB5-4FFC-8FAF-092D0E8793F5}
	EndGlobalSection
EndGlobal
